# Runtime-only dependencies for the reference-architecture sandbox.
#
# Keep this file explicit: diagrams 0.25.1 incorrectly declares pre-commit as
# a runtime dependency. The Containerfile installs these wheels with --no-deps,
# --only-binary=:all:, and --require-hashes. MarkupSafe includes the CPython 3.13
# manylinux wheel hashes for both Linux arm64 (the primary target) and amd64.

diagrams==0.25.1 \
    --hash=sha256:90698eaa74c027dfffd8306ba7f08ee543959205024050a6357f34eae9961345
graphviz==0.20.3 \
    --hash=sha256:81f848f2904515d8cd359cc611faba817598d2feaac4027b266aa3eda7b3dde5
Jinja2==3.1.6 \
    --hash=sha256:85ece4451f492d0c13c5dd7c13a64681a86afae63a5f347908daf103ce6d2f67
MarkupSafe==3.0.2 \
    --hash=sha256:569511d3b58c8791ab4c2e1285575265991e6d8f8700c7be0e88f86cb0672094 \
    --hash=sha256:15ab75ef81add55874e7ab7055e9c397312385bd9ced94920f2802310c930396
